
Microsoft Visual Studio Solution File, Format Version 11.00
# Visual Studio 2010
Project("{FAE04EC0-301F-11D3-BF4B-00C04F79EFBC}") = "NER.WebApp", "NER.WebApp\NER.WebApp.csproj", "{7D5B0CEF-5C6D-45CD-BD21-B5D63759129D}"
EndProject
Project("{FAE04EC0-301F-11D3-BF4B-00C04F79EFBC}") = "NER.DAL", "NER.DAL\NER.DAL.csproj", "{72768F41-0AEE-4521-9750-935F69BDC192}"
EndProject
Project("{FAE04EC0-301F-11D3-BF4B-00C04F79EFBC}") = "NER.BL", "NER.BL\NER.BL.csproj", "{AA919193-A4DB-43F4-958E-A68612D276E0}"
EndProject
Global
	GlobalSection(SolutionConfigurationPlatforms) = preSolution
		Debug|Any CPU = Debug|Any CPU
		Release|Any CPU = Release|Any CPU
	EndGlobalSection
	GlobalSection(ProjectConfigurationPlatforms) = postSolution
		{7D5B0CEF-5C6D-45CD-BD21-B5D63759129D}.Debug|Any CPU.ActiveCfg = Debug|Any CPU
		{7D5B0CEF-5C6D-45CD-BD21-B5D63759129D}.Debug|Any CPU.Build.0 = Debug|Any CPU
		{7D5B0CEF-5C6D-45CD-BD21-B5D63759129D}.Release|Any CPU.ActiveCfg = Release|Any CPU
		{7D5B0CEF-5C6D-45CD-BD21-B5D63759129D}.Release|Any CPU.Build.0 = Release|Any CPU
		{72768F41-0AEE-4521-9750-935F69BDC192}.Debug|Any CPU.ActiveCfg = Debug|Any CPU
		{72768F41-0AEE-4521-9750-935F69BDC192}.Debug|Any CPU.Build.0 = Debug|Any CPU
		{72768F41-0AEE-4521-9750-935F69BDC192}.Release|Any CPU.ActiveCfg = Release|Any CPU
		{72768F41-0AEE-4521-9750-935F69BDC192}.Release|Any CPU.Build.0 = Release|Any CPU
		{AA919193-A4DB-43F4-958E-A68612D276E0}.Debug|Any CPU.ActiveCfg = Debug|Any CPU
		{AA919193-A4DB-43F4-958E-A68612D276E0}.Debug|Any CPU.Build.0 = Debug|Any CPU
		{AA919193-A4DB-43F4-958E-A68612D276E0}.Release|Any CPU.ActiveCfg = Release|Any CPU
		{AA919193-A4DB-43F4-958E-A68612D276E0}.Release|Any CPU.Build.0 = Release|Any CPU
	EndGlobalSection
	GlobalSection(SolutionProperties) = preSolution
		HideSolutionNode = FALSE
	EndGlobalSection
EndGlobal
